
Microsoft Visual Studio Solution File, Format Version 12.00
# Visual Studio Version 16
VisualStudioVersion = 16.0.30907.101
MinimumVisualStudioVersion = 10.0.40219.1
Project("{FAE04EC0-301F-11D3-BF4B-00C04F79EFBC}") = "BookStoreWithData", "BookStoreWithData\BookStoreWithData.csproj", "{E85F1F97-6D4F-40EB-9441-04E7364F3A6D}"
EndProject
Global
	GlobalSection(SolutionConfigurationPlatforms) = preSolution
		Debug|Any CPU = Debug|Any CPU
		Release|Any CPU = Release|Any CPU
	EndGlobalSection
	GlobalSection(ProjectConfigurationPlatforms) = postSolution
		{E85F1F97-6D4F-40EB-9441-04E7364F3A6D}.Debug|Any CPU.ActiveCfg = Debug|Any CPU
		{E85F1F97-6D4F-40EB-9441-04E7364F3A6D}.Debug|Any CPU.Build.0 = Debug|Any CPU
		{E85F1F97-6D4F-40EB-9441-04E7364F3A6D}.Release|Any CPU.ActiveCfg = Release|Any CPU
		{E85F1F97-6D4F-40EB-9441-04E7364F3A6D}.Release|Any CPU.Build.0 = Release|Any CPU
	EndGlobalSection
	GlobalSection(SolutionProperties) = preSolution
		HideSolutionNode = FALSE
	EndGlobalSection
	GlobalSection(ExtensibilityGlobals) = postSolution
		SolutionGuid = {3E5C12BD-01A2-49B8-A4EC-E1B3DBD0B5EA}
	EndGlobalSection
EndGlobal
